
Microsoft Visual Studio Solution File, Format Version 12.00
# Visual Studio Version 16
VisualStudioVersion = 16.0.31624.102
MinimumVisualStudioVersion = 10.0.40219.1
Project("{FAE04EC0-301F-11D3-BF4B-00C04F79EFBC}") = "lab_rob_5", "lab_rob_5\lab_rob_5.csproj", "{C09CD833-9843-4BB7-AAA6-71475738FAAE}"
EndProject
Global
	GlobalSection(SolutionConfigurationPlatforms) = preSolution
		Debug|Any CPU = Debug|Any CPU
		Release|Any CPU = Release|Any CPU
	EndGlobalSection
	GlobalSection(ProjectConfigurationPlatforms) = postSolution
		{C09CD833-9843-4BB7-AAA6-71475738FAAE}.Debug|Any CPU.ActiveCfg = Debug|Any CPU
		{C09CD833-9843-4BB7-AAA6-71475738FAAE}.Debug|Any CPU.Build.0 = Debug|Any CPU
		{C09CD833-9843-4BB7-AAA6-71475738FAAE}.Release|Any CPU.ActiveCfg = Release|Any CPU
		{C09CD833-9843-4BB7-AAA6-71475738FAAE}.Release|Any CPU.Build.0 = Release|Any CPU
	EndGlobalSection
	GlobalSection(SolutionProperties) = preSolution
		HideSolutionNode = FALSE
	EndGlobalSection
	GlobalSection(ExtensibilityGlobals) = postSolution
		SolutionGuid = {70F6D55B-8848-4215-BC9F-F8674924CEA4}
	EndGlobalSection
EndGlobal
